// !$*UTF8*$!
{
	archiveVersion = 1;
	classes = {
	};
	objectVersion = 51;
	objects = {

/* Begin PBXBuildFile section */
		2C43027E280BBED800EB8866 /* QuestRender.swift in Sources */ = {isa = PBXBuildFile; fileRef = 2C43027D280BBED800EB8866 /* QuestRender.swift */; };
		2C487DF427DF6D7C00D807E3 /* ItemSelectView.swift in Sources */ = {isa = PBXBuildFile; fileRef = 2C487DF327DF6D7C00D807E3 /* ItemSelectView.swift */; };
		2C7BA19427EE99C80016D3B7 /* QuestCameraViewModel.swift in Sources */ = {isa = PBXBuildFile; fileRef = 2C7BA19327EE99C80016D3B7 /* QuestCameraViewModel.swift */; };
		2C90999927E85F1B00B3EF6D /* VideoCameraViewModel.swift in Sources */ = {isa = PBXBuildFile; fileRef = 2C90999827E85F1B00B3EF6D /* VideoCameraViewModel.swift */; };
		2CCFAB7028090CCE00F68401 /* CameraModel.swift in Sources */ = {isa = PBXBuildFile; fileRef = 2CCFAB6F28090CCE00F68401 /* CameraModel.swift */; };
		2CCFAB75280933F900F68401 /* DefaultCameraView.swift in Sources */ = {isa = PBXBuildFile; fileRef = 2CCFAB74280933F900F68401 /* DefaultCameraView.swift */; };
		2CCFAB772809340500F68401 /* DefaultCameraViewModel.swift in Sources */ = {isa = PBXBuildFile; fileRef = 2CCFAB762809340500F68401 /* DefaultCameraViewModel.swift */; };
		2CCFAB7D2809BA7500F68401 /* BodyRender.swift in Sources */ = {isa = PBXBuildFile; fileRef = 2CCFAB7C2809BA7500F68401 /* BodyRender.swift */; };
		2CCFAB7F2809BC0200F68401 /* Skin.swift in Sources */ = {isa = PBXBuildFile; fileRef = 2CCFAB7E2809BC0200F68401 /* Skin.swift */; };
		2CEBD2592802F13100A4CA45 /* Pictogram.swift in Sources */ = {isa = PBXBuildFile; fileRef = 2CEBD2582802F13100A4CA45 /* Pictogram.swift */; };
		7FAEDB78D8FD5FE373130AAA /* Pods_ShiranAppNew.framework in Frameworks */ = {isa = PBXBuildFile; fileRef = 7B9AA6378422A39AD27C5B34 /* Pods_ShiranAppNew.framework */; };
		CE04B412270C04AF00F21059 /* cheers.mp3 in Resources */ = {isa = PBXBuildFile; fileRef = CE04B411270C04AF00F21059 /* cheers.mp3 */; };
		CE04E57D26E9D0CE00872352 /* ExplainAppView.swift in Sources */ = {isa = PBXBuildFile; fileRef = CE04E57C26E9D0CE00872352 /* ExplainAppView.swift */; };
		CE1337A927DE3B10004AB1A8 /* toolbarItemView.swift in Sources */ = {isa = PBXBuildFile; fileRef = CE1337A827DE3B0F004AB1A8 /* toolbarItemView.swift */; };
		CE23112D276836A8003D49B7 /* QuestCameraView.swift in Sources */ = {isa = PBXBuildFile; fileRef = CE23112C276836A8003D49B7 /* QuestCameraView.swift */; };
		CE25ACE82751CABB00ABDF18 /* score_up.mp3 in Resources */ = {isa = PBXBuildFile; fileRef = CE25ACE72751CABB00ABDF18 /* score_up.mp3 */; };
		CE43D8B926E1BC440067CDDB /* VideoCameraView.swift in Sources */ = {isa = PBXBuildFile; fileRef = CE43D8B226E1BC440067CDDB /* VideoCameraView.swift */; };
		CE43D8BA26E1BC440067CDDB /* CoachMarks.swift in Sources */ = {isa = PBXBuildFile; fileRef = CE43D8B326E1BC440067CDDB /* CoachMarks.swift */; };
		CE43D8BD26E1BC440067CDDB /* Sounds.swift in Sources */ = {isa = PBXBuildFile; fileRef = CE43D8B626E1BC440067CDDB /* Sounds.swift */; };
		CE43D8C726E1BC540067CDDB /* LoginView.swift in Sources */ = {isa = PBXBuildFile; fileRef = CE43D8C126E1BC540067CDDB /* LoginView.swift */; };
		CE43D8C926E1BC540067CDDB /* PlayerView.swift in Sources */ = {isa = PBXBuildFile; fileRef = CE43D8C326E1BC540067CDDB /* PlayerView.swift */; };
		CE43D8CB26E1BC540067CDDB /* ContentView.swift in Sources */ = {isa = PBXBuildFile; fileRef = CE43D8C526E1BC540067CDDB /* ContentView.swift */; };
		CE43D8CC26E1BC540067CDDB /* PrivacyPolicyView.swift in Sources */ = {isa = PBXBuildFile; fileRef = CE43D8C626E1BC540067CDDB /* PrivacyPolicyView.swift */; };
		CE54230826E6DF27002550D4 /* PoseImageView.swift in Sources */ = {isa = PBXBuildFile; fileRef = CE5422F326E6DF27002550D4 /* PoseImageView.swift */; };
		CE54230C26E6DF27002550D4 /* CGPoint+Extension.swift in Sources */ = {isa = PBXBuildFile; fileRef = CE5422F826E6DF27002550D4 /* CGPoint+Extension.swift */; };
		CE54230D26E6DF27002550D4 /* CGImage+Extension.swift in Sources */ = {isa = PBXBuildFile; fileRef = CE5422F926E6DF27002550D4 /* CGImage+Extension.swift */; };
		CE54231026E6DF27002550D4 /* Joint.swift in Sources */ = {isa = PBXBuildFile; fileRef = CE5422FE26E6DF27002550D4 /* Joint.swift */; };
		CE54231126E6DF27002550D4 /* PoseBuilder+Single.swift in Sources */ = {isa = PBXBuildFile; fileRef = CE5422FF26E6DF27002550D4 /* PoseBuilder+Single.swift */; };
		CE54231226E6DF27002550D4 /* Pose.swift in Sources */ = {isa = PBXBuildFile; fileRef = CE54230026E6DF27002550D4 /* Pose.swift */; };
		CE54231326E6DF27002550D4 /* PoseBuilder.swift in Sources */ = {isa = PBXBuildFile; fileRef = CE54230126E6DF27002550D4 /* PoseBuilder.swift */; };
		CE54231426E6DF27002550D4 /* PoseBuilderConfiguration.swift in Sources */ = {isa = PBXBuildFile; fileRef = CE54230226E6DF27002550D4 /* PoseBuilderConfiguration.swift */; };
		CE54231526E6DF27002550D4 /* PoseNetOutput.swift in Sources */ = {isa = PBXBuildFile; fileRef = CE54230426E6DF27002550D4 /* PoseNetOutput.swift */; };
		CE54231626E6DF27002550D4 /* PoseNet.swift in Sources */ = {isa = PBXBuildFile; fileRef = CE54230526E6DF27002550D4 /* PoseNet.swift */; };
		CE54231726E6DF27002550D4 /* PoseNetInput.swift in Sources */ = {isa = PBXBuildFile; fileRef = CE54230626E6DF27002550D4 /* PoseNetInput.swift */; };
		CE59CC94277B1244007E96C3 /* attack.mp3 in Resources */ = {isa = PBXBuildFile; fileRef = CE59CC93277B1244007E96C3 /* attack.mp3 */; };
		CE6C8DD027119399007286A4 /* fightEnemy.MP4 in Resources */ = {isa = PBXBuildFile; fileRef = CE6C8DCF27119399007286A4 /* fightEnemy.MP4 */; };
		CE6C8DD2271196C8007286A4 /* countdown.mp3 in Resources */ = {isa = PBXBuildFile; fileRef = CE6C8DD1271196C8007286A4 /* countdown.mp3 */; };
		CE71D97B27C081C000408AD7 /* Incentive.swift in Sources */ = {isa = PBXBuildFile; fileRef = CE71D97A27C081C000408AD7 /* Incentive.swift */; };
		CE71D98D27C091AC00408AD7 /* Strings.swift in Sources */ = {isa = PBXBuildFile; fileRef = CE71D98C27C091AC00408AD7 /* Strings.swift */; };
		CE71D98F27C091BD00408AD7 /* Colors.swift in Sources */ = {isa = PBXBuildFile; fileRef = CE71D98E27C091BD00408AD7 /* Colors.swift */; };
		CE71D99127C091DF00408AD7 /* Keys.swift in Sources */ = {isa = PBXBuildFile; fileRef = CE71D99027C091DF00408AD7 /* Keys.swift */; };
		CE71D99327C092BB00408AD7 /* QuestView.swift in Sources */ = {isa = PBXBuildFile; fileRef = CE71D99227C092BB00408AD7 /* QuestView.swift */; };
		CE71D99527C096B800408AD7 /* QuestViewModel.swift in Sources */ = {isa = PBXBuildFile; fileRef = CE71D99427C096B800408AD7 /* QuestViewModel.swift */; };
		CE71D99927C096FA00408AD7 /* CharacterView.swift in Sources */ = {isa = PBXBuildFile; fileRef = CE71D99827C096FA00408AD7 /* CharacterView.swift */; };
		CE71D99B27C0971100408AD7 /* ShopView.swift in Sources */ = {isa = PBXBuildFile; fileRef = CE71D99A27C0971100408AD7 /* ShopView.swift */; };
		CE71D99D27C0973200408AD7 /* ShopViewModel.swift in Sources */ = {isa = PBXBuildFile; fileRef = CE71D99C27C0973200408AD7 /* ShopViewModel.swift */; };
		CE71D99F27C0974C00408AD7 /* HomeViewModel.swift in Sources */ = {isa = PBXBuildFile; fileRef = CE71D99E27C0974C00408AD7 /* HomeViewModel.swift */; };
		CE71D9A127C0975D00408AD7 /* HomeView.swift in Sources */ = {isa = PBXBuildFile; fileRef = CE71D9A027C0975D00408AD7 /* HomeView.swift */; };
		CE7D5002279BB2680055C587 /* UserOpinionView.swift in Sources */ = {isa = PBXBuildFile; fileRef = CE7D5001279BB2680055C587 /* UserOpinionView.swift */; };
		CE82BE7C2728FE790051EA84 /* DialogPresentation.swift in Sources */ = {isa = PBXBuildFile; fileRef = CE82BE7B2728FE790051EA84 /* DialogPresentation.swift */; };
		CE96198226E1AE7F0084F1A7 /* ShiranAppNewApp.swift in Sources */ = {isa = PBXBuildFile; fileRef = CE96198126E1AE7F0084F1A7 /* ShiranAppNewApp.swift */; };
		CE96198626E1AE820084F1A7 /* Assets.xcassets in Resources */ = {isa = PBXBuildFile; fileRef = CE96198526E1AE820084F1A7 /* Assets.xcassets */; };
		CE96198926E1AE820084F1A7 /* Preview Assets.xcassets in Resources */ = {isa = PBXBuildFile; fileRef = CE96198826E1AE820084F1A7 /* Preview Assets.xcassets */; };
		CE9619AD26E1B76B0084F1A7 /* GoogleService-Info.plist in Resources */ = {isa = PBXBuildFile; fileRef = CE9619AC26E1B76B0084F1A7 /* GoogleService-Info.plist */; };
		CEA3081727741DDF00D7FDC7 /* SettingView.swift in Sources */ = {isa = PBXBuildFile; fileRef = CEA3081627741DDF00D7FDC7 /* SettingView.swift */; };
		CEB5753E26FC2E96005C5E49 /* CharacterModel.swift in Sources */ = {isa = PBXBuildFile; fileRef = CEB5753D26FC2E96005C5E49 /* CharacterModel.swift */; };
		CEBE67E92761B47800DA11B2 /* q_climb.mp4 in Resources */ = {isa = PBXBuildFile; fileRef = CEBE67E72761A06F00DA11B2 /* q_climb.mp4 */; };
		CEBE67EA2761B49400DA11B2 /* q_coin.mp4 in Resources */ = {isa = PBXBuildFile; fileRef = CEBE67E82761A07900DA11B2 /* q_coin.mp4 */; };
		CECBA1AA27925DCB00079CCA /* introduce.mov in Resources */ = {isa = PBXBuildFile; fileRef = CECBA1A827925DC800079CCA /* introduce.mov */; };
		CECBA1AB27925DCB00079CCA /* q_hiit.mov in Resources */ = {isa = PBXBuildFile; fileRef = CECBA1A927925DCB00079CCA /* q_hiit.mov */; };
		CED69991270560AC006E3AEA /* BOSS.swift in Sources */ = {isa = PBXBuildFile; fileRef = CED69990270560AC006E3AEA /* BOSS.swift */; };
		CED6999327065EC8006E3AEA /* DataCounter.swift in Sources */ = {isa = PBXBuildFile; fileRef = CED6999227065EC8006E3AEA /* DataCounter.swift */; };
		CED6B891270D5EE7009BC3F6 /* EventAnalytics.swift in Sources */ = {isa = PBXBuildFile; fileRef = CED6B890270D5EE7009BC3F6 /* EventAnalytics.swift */; };
		CEE6FEF827571AFB0026F6CC /* PoseNetMobileNet100S16FP16.mlmodel in Sources */ = {isa = PBXBuildFile; fileRef = CEE6FEF727571AFB0026F6CC /* PoseNetMobileNet100S16FP16.mlmodel */; };
/* End PBXBuildFile section */

/* Begin PBXFileReference section */
		19952098D76C964EA17B04F0 /* Pods-ShiranAppNew-ShiranAppNewUITests.release.xcconfig */ = {isa = PBXFileReference; includeInIndex = 1; lastKnownFileType = text.xcconfig; name = "Pods-ShiranAppNew-ShiranAppNewUITests.release.xcconfig"; path = "Target Support Files/Pods-ShiranAppNew-ShiranAppNewUITests/Pods-ShiranAppNew-ShiranAppNewUITests.release.xcconfig"; sourceTree = "<group>"; };
		242450BC5328E37D4F3BF182 /* Pods-ShiranAppNew.debug.xcconfig */ = {isa = PBXFileReference; includeInIndex = 1; lastKnownFileType = text.xcconfig; name = "Pods-ShiranAppNew.debug.xcconfig"; path = "Target Support Files/Pods-ShiranAppNew/Pods-ShiranAppNew.debug.xcconfig"; sourceTree = "<group>"; };
		26A3157912BDEF62C9667874 /* Pods_ShiranAppNew_ShiranAppNewUITests.framework */ = {isa = PBXFileReference; explicitFileType = wrapper.framework; includeInIndex = 0; path = Pods_ShiranAppNew_ShiranAppNewUITests.framework; sourceTree = BUILT_PRODUCTS_DIR; };
		2C43027D280BBED800EB8866 /* QuestRender.swift */ = {isa = PBXFileReference; lastKnownFileType = sourcecode.swift; path = QuestRender.swift; sourceTree = "<group>"; };
		2C487DF327DF6D7C00D807E3 /* ItemSelectView.swift */ = {isa = PBXFileReference; lastKnownFileType = sourcecode.swift; path = ItemSelectView.swift; sourceTree = "<group>"; };
		2C7BA19327EE99C80016D3B7 /* QuestCameraViewModel.swift */ = {isa = PBXFileReference; lastKnownFileType = sourcecode.swift; path = QuestCameraViewModel.swift; sourceTree = "<group>"; };
		2C90999827E85F1B00B3EF6D /* VideoCameraViewModel.swift */ = {isa = PBXFileReference; lastKnownFileType = sourcecode.swift; path = VideoCameraViewModel.swift; sourceTree = "<group>"; };
		2CCFAB6F28090CCE00F68401 /* CameraModel.swift */ = {isa = PBXFileReference; lastKnownFileType = sourcecode.swift; path = CameraModel.swift; sourceTree = "<group>"; };
		2CCFAB74280933F900F68401 /* DefaultCameraView.swift */ = {isa = PBXFileReference; lastKnownFileType = sourcecode.swift; path = DefaultCameraView.swift; sourceTree = "<group>"; };
		2CCFAB762809340500F68401 /* DefaultCameraViewModel.swift */ = {isa = PBXFileReference; lastKnownFileType = sourcecode.swift; path = DefaultCameraViewModel.swift; sourceTree = "<group>"; };
		2CCFAB7C2809BA7500F68401 /* BodyRender.swift */ = {isa = PBXFileReference; lastKnownFileType = sourcecode.swift; path = BodyRender.swift; sourceTree = "<group>"; };
		2CCFAB7E2809BC0200F68401 /* Skin.swift */ = {isa = PBXFileReference; lastKnownFileType = sourcecode.swift; path = Skin.swift; sourceTree = "<group>"; };
		2CEBD2582802F13100A4CA45 /* Pictogram.swift */ = {isa = PBXFileReference; lastKnownFileType = sourcecode.swift; path = Pictogram.swift; sourceTree = "<group>"; };
		643182000FA48A12898BB36F /* Pods-ShiranAppNewTests.debug.xcconfig */ = {isa = PBXFileReference; includeInIndex = 1; lastKnownFileType = text.xcconfig; name = "Pods-ShiranAppNewTests.debug.xcconfig"; path = "Target Support Files/Pods-ShiranAppNewTests/Pods-ShiranAppNewTests.debug.xcconfig"; sourceTree = "<group>"; };
		7B9AA6378422A39AD27C5B34 /* Pods_ShiranAppNew.framework */ = {isa = PBXFileReference; explicitFileType = wrapper.framework; includeInIndex = 0; path = Pods_ShiranAppNew.framework; sourceTree = BUILT_PRODUCTS_DIR; };
		83D47980BB6380F61B6ED32E /* Pods-ShiranAppNew-ShiranAppNewUITests.debug.xcconfig */ = {isa = PBXFileReference; includeInIndex = 1; lastKnownFileType = text.xcconfig; name = "Pods-ShiranAppNew-ShiranAppNewUITests.debug.xcconfig"; path = "Target Support Files/Pods-ShiranAppNew-ShiranAppNewUITests/Pods-ShiranAppNew-ShiranAppNewUITests.debug.xcconfig"; sourceTree = "<group>"; };
		84965A22621B1E5CD4F97631 /* Pods_ShiranAppNewTests.framework */ = {isa = PBXFileReference; explicitFileType = wrapper.framework; includeInIndex = 0; path = Pods_ShiranAppNewTests.framework; sourceTree = BUILT_PRODUCTS_DIR; };
		ADE854FBDD6C14135AE89B35 /* Pods-ShiranAppNew.release.xcconfig */ = {isa = PBXFileReference; includeInIndex = 1; lastKnownFileType = text.xcconfig; name = "Pods-ShiranAppNew.release.xcconfig"; path = "Target Support Files/Pods-ShiranAppNew/Pods-ShiranAppNew.release.xcconfig"; sourceTree = "<group>"; };
		CE04B411270C04AF00F21059 /* cheers.mp3 */ = {isa = PBXFileReference; lastKnownFileType = audio.mp3; path = cheers.mp3; sourceTree = "<group>"; };
		CE04E57C26E9D0CE00872352 /* ExplainAppView.swift */ = {isa = PBXFileReference; lastKnownFileType = sourcecode.swift; path = ExplainAppView.swift; sourceTree = "<group>"; };
		CE1337A827DE3B0F004AB1A8 /* toolbarItemView.swift */ = {isa = PBXFileReference; lastKnownFileType = sourcecode.swift; path = toolbarItemView.swift; sourceTree = "<group>"; };
		CE23112C276836A8003D49B7 /* QuestCameraView.swift */ = {isa = PBXFileReference; lastKnownFileType = sourcecode.swift; path = QuestCameraView.swift; sourceTree = "<group>"; };
		CE25ACE72751CABB00ABDF18 /* score_up.mp3 */ = {isa = PBXFileReference; lastKnownFileType = audio.mp3; path = score_up.mp3; sourceTree = "<group>"; };
		CE43D8B226E1BC440067CDDB /* VideoCameraView.swift */ = {isa = PBXFileReference; fileEncoding = 4; lastKnownFileType = sourcecode.swift; path = VideoCameraView.swift; sourceTree = "<group>"; };
		CE43D8B326E1BC440067CDDB /* CoachMarks.swift */ = {isa = PBXFileReference; fileEncoding = 4; lastKnownFileType = sourcecode.swift; path = CoachMarks.swift; sourceTree = "<group>"; };
		CE43D8B626E1BC440067CDDB /* Sounds.swift */ = {isa = PBXFileReference; fileEncoding = 4; lastKnownFileType = sourcecode.swift; path = Sounds.swift; sourceTree = "<group>"; };
		CE43D8C126E1BC540067CDDB /* LoginView.swift */ = {isa = PBXFileReference; fileEncoding = 4; lastKnownFileType = sourcecode.swift; path = LoginView.swift; sourceTree = "<group>"; };
		CE43D8C326E1BC540067CDDB /* PlayerView.swift */ = {isa = PBXFileReference; fileEncoding = 4; lastKnownFileType = sourcecode.swift; path = PlayerView.swift; sourceTree = "<group>"; };
		CE43D8C526E1BC540067CDDB /* ContentView.swift */ = {isa = PBXFileReference; fileEncoding = 4; lastKnownFileType = sourcecode.swift; path = ContentView.swift; sourceTree = "<group>"; };
		CE43D8C626E1BC540067CDDB /* PrivacyPolicyView.swift */ = {isa = PBXFileReference; fileEncoding = 4; lastKnownFileType = sourcecode.swift; path = PrivacyPolicyView.swift; sourceTree = "<group>"; };
		CE5422F326E6DF27002550D4 /* PoseImageView.swift */ = {isa = PBXFileReference; fileEncoding = 4; lastKnownFileType = sourcecode.swift; path = PoseImageView.swift; sourceTree = "<group>"; };
		CE5422F826E6DF27002550D4 /* CGPoint+Extension.swift */ = {isa = PBXFileReference; fileEncoding = 4; lastKnownFileType = sourcecode.swift; path = "CGPoint+Extension.swift"; sourceTree = "<group>"; };
		CE5422F926E6DF27002550D4 /* CGImage+Extension.swift */ = {isa = PBXFileReference; fileEncoding = 4; lastKnownFileType = sourcecode.swift; path = "CGImage+Extension.swift"; sourceTree = "<group>"; };
		CE5422FE26E6DF27002550D4 /* Joint.swift */ = {isa = PBXFileReference; fileEncoding = 4; lastKnownFileType = sourcecode.swift; path = Joint.swift; sourceTree = "<group>"; };
		CE5422FF26E6DF27002550D4 /* PoseBuilder+Single.swift */ = {isa = PBXFileReference; fileEncoding = 4; lastKnownFileType = sourcecode.swift; path = "PoseBuilder+Single.swift"; sourceTree = "<group>"; };
		CE54230026E6DF27002550D4 /* Pose.swift */ = {isa = PBXFileReference; fileEncoding = 4; lastKnownFileType = sourcecode.swift; path = Pose.swift; sourceTree = "<group>"; };
		CE54230126E6DF27002550D4 /* PoseBuilder.swift */ = {isa = PBXFileReference; fileEncoding = 4; lastKnownFileType = sourcecode.swift; path = PoseBuilder.swift; sourceTree = "<group>"; };
		CE54230226E6DF27002550D4 /* PoseBuilderConfiguration.swift */ = {isa = PBXFileReference; fileEncoding = 4; lastKnownFileType = sourcecode.swift; path = PoseBuilderConfiguration.swift; sourceTree = "<group>"; };
		CE54230426E6DF27002550D4 /* PoseNetOutput.swift */ = {isa = PBXFileReference; fileEncoding = 4; lastKnownFileType = sourcecode.swift; path = PoseNetOutput.swift; sourceTree = "<group>"; };
		CE54230526E6DF27002550D4 /* PoseNet.swift */ = {isa = PBXFileReference; fileEncoding = 4; lastKnownFileType = sourcecode.swift; path = PoseNet.swift; sourceTree = "<group>"; };
		CE54230626E6DF27002550D4 /* PoseNetInput.swift */ = {isa = PBXFileReference; fileEncoding = 4; lastKnownFileType = sourcecode.swift; path = PoseNetInput.swift; sourceTree = "<group>"; };
		CE59CC93277B1244007E96C3 /* attack.mp3 */ = {isa = PBXFileReference; lastKnownFileType = audio.mp3; path = attack.mp3; sourceTree = "<group>"; };
		CE6C8DCF27119399007286A4 /* fightEnemy.MP4 */ = {isa = PBXFileReference; lastKnownFileType = file; path = fightEnemy.MP4; sourceTree = "<group>"; };
		CE6C8DD1271196C8007286A4 /* countdown.mp3 */ = {isa = PBXFileReference; lastKnownFileType = audio.mp3; path = countdown.mp3; sourceTree = "<group>"; };
		CE6F978F26F0E476007CF587 /* ShiranAppNew.entitlements */ = {isa = PBXFileReference; lastKnownFileType = text.plist.entitlements; path = ShiranAppNew.entitlements; sourceTree = "<group>"; };
		CE71D97A27C081C000408AD7 /* Incentive.swift */ = {isa = PBXFileReference; lastKnownFileType = sourcecode.swift; path = Incentive.swift; sourceTree = "<group>"; };
		CE71D98C27C091AC00408AD7 /* Strings.swift */ = {isa = PBXFileReference; lastKnownFileType = sourcecode.swift; path = Strings.swift; sourceTree = "<group>"; };
		CE71D98E27C091BD00408AD7 /* Colors.swift */ = {isa = PBXFileReference; lastKnownFileType = sourcecode.swift; path = Colors.swift; sourceTree = "<group>"; };
		CE71D99027C091DF00408AD7 /* Keys.swift */ = {isa = PBXFileReference; lastKnownFileType = sourcecode.swift; path = Keys.swift; sourceTree = "<group>"; };
		CE71D99227C092BB00408AD7 /* QuestView.swift */ = {isa = PBXFileReference; lastKnownFileType = sourcecode.swift; path = QuestView.swift; sourceTree = "<group>"; };
		CE71D99427C096B800408AD7 /* QuestViewModel.swift */ = {isa = PBXFileReference; lastKnownFileType = sourcecode.swift; path = QuestViewModel.swift; sourceTree = "<group>"; };
		CE71D99827C096FA00408AD7 /* CharacterView.swift */ = {isa = PBXFileReference; lastKnownFileType = sourcecode.swift; path = CharacterView.swift; sourceTree = "<group>"; };
		CE71D99A27C0971100408AD7 /* ShopView.swift */ = {isa = PBXFileReference; lastKnownFileType = sourcecode.swift; path = ShopView.swift; sourceTree = "<group>"; };
		CE71D99C27C0973200408AD7 /* ShopViewModel.swift */ = {isa = PBXFileReference; lastKnownFileType = sourcecode.swift; path = ShopViewModel.swift; sourceTree = "<group>"; };
		CE71D99E27C0974C00408AD7 /* HomeViewModel.swift */ = {isa = PBXFileReference; lastKnownFileType = sourcecode.swift; path = HomeViewModel.swift; sourceTree = "<group>"; };
		CE71D9A027C0975D00408AD7 /* HomeView.swift */ = {isa = PBXFileReference; lastKnownFileType = sourcecode.swift; path = HomeView.swift; sourceTree = "<group>"; };
		CE7D5001279BB2680055C587 /* UserOpinionView.swift */ = {isa = PBXFileReference; lastKnownFileType = sourcecode.swift; path = UserOpinionView.swift; sourceTree = "<group>"; };
		CE7D5003279BB69D0055C587 /* Bridging_Header.h */ = {isa = PBXFileReference; lastKnownFileType = sourcecode.c.h; path = Bridging_Header.h; sourceTree = "<group>"; };
		CE82BE7B2728FE790051EA84 /* DialogPresentation.swift */ = {isa = PBXFileReference; lastKnownFileType = sourcecode.swift; path = DialogPresentation.swift; sourceTree = "<group>"; };
		CE96197E26E1AE7F0084F1A7 /* ShiranAppNew.app */ = {isa = PBXFileReference; explicitFileType = wrapper.application; includeInIndex = 0; path = ShiranAppNew.app; sourceTree = BUILT_PRODUCTS_DIR; };
		CE96198126E1AE7F0084F1A7 /* ShiranAppNewApp.swift */ = {isa = PBXFileReference; lastKnownFileType = sourcecode.swift; path = ShiranAppNewApp.swift; sourceTree = "<group>"; };
		CE96198526E1AE820084F1A7 /* Assets.xcassets */ = {isa = PBXFileReference; lastKnownFileType = folder.assetcatalog; path = Assets.xcassets; sourceTree = "<group>"; };
		CE96198826E1AE820084F1A7 /* Preview Assets.xcassets */ = {isa = PBXFileReference; lastKnownFileType = folder.assetcatalog; path = "Preview Assets.xcassets"; sourceTree = "<group>"; };
		CE96198A26E1AE820084F1A7 /* Info.plist */ = {isa = PBXFileReference; lastKnownFileType = text.plist.xml; path = Info.plist; sourceTree = "<group>"; };
		CE9619AC26E1B76B0084F1A7 /* GoogleService-Info.plist */ = {isa = PBXFileReference; fileEncoding = 4; lastKnownFileType = text.plist.xml; path = "GoogleService-Info.plist"; sourceTree = "<group>"; };
		CEA3081627741DDF00D7FDC7 /* SettingView.swift */ = {isa = PBXFileReference; lastKnownFileType = sourcecode.swift; path = SettingView.swift; sourceTree = "<group>"; };
		CEB5753D26FC2E96005C5E49 /* CharacterModel.swift */ = {isa = PBXFileReference; lastKnownFileType = sourcecode.swift; path = CharacterModel.swift; sourceTree = "<group>"; };
		CEBE67E72761A06F00DA11B2 /* q_climb.mp4 */ = {isa = PBXFileReference; lastKnownFileType = file; path = q_climb.mp4; sourceTree = "<group>"; };
		CEBE67E82761A07900DA11B2 /* q_coin.mp4 */ = {isa = PBXFileReference; lastKnownFileType = file; path = q_coin.mp4; sourceTree = "<group>"; };
		CECBA1A827925DC800079CCA /* introduce.mov */ = {isa = PBXFileReference; lastKnownFileType = video.quicktime; path = introduce.mov; sourceTree = "<group>"; };
		CECBA1A927925DCB00079CCA /* q_hiit.mov */ = {isa = PBXFileReference; lastKnownFileType = video.quicktime; path = q_hiit.mov; sourceTree = "<group>"; };
		CED69990270560AC006E3AEA /* BOSS.swift */ = {isa = PBXFileReference; lastKnownFileType = sourcecode.swift; path = BOSS.swift; sourceTree = "<group>"; };
		CED6999227065EC8006E3AEA /* DataCounter.swift */ = {isa = PBXFileReference; lastKnownFileType = sourcecode.swift; path = DataCounter.swift; sourceTree = "<group>"; };
		CED6B890270D5EE7009BC3F6 /* EventAnalytics.swift */ = {isa = PBXFileReference; lastKnownFileType = sourcecode.swift; path = EventAnalytics.swift; sourceTree = "<group>"; };
		CEE6FEF727571AFB0026F6CC /* PoseNetMobileNet100S16FP16.mlmodel */ = {isa = PBXFileReference; lastKnownFileType = file.mlmodel; path = PoseNetMobileNet100S16FP16.mlmodel; sourceTree = "<group>"; };
		E6C48DFF81CD90D5D320ADA6 /* Pods-ShiranAppNewTests.release.xcconfig */ = {isa = PBXFileReference; includeInIndex = 1; lastKnownFileType = text.xcconfig; name = "Pods-ShiranAppNewTests.release.xcconfig"; path = "Target Support Files/Pods-ShiranAppNewTests/Pods-ShiranAppNewTests.release.xcconfig"; sourceTree = "<group>"; };
/* End PBXFileReference section */

/* Begin PBXFrameworksBuildPhase section */
		CE96197B26E1AE7F0084F1A7 /* Frameworks */ = {
			isa = PBXFrameworksBuildPhase;
			buildActionMask = 2147483647;
			files = (
				7FAEDB78D8FD5FE373130AAA /* Pods_ShiranAppNew.framework in Frameworks */,
			);
			runOnlyForDeploymentPostprocessing = 0;
		};
/* End PBXFrameworksBuildPhase section */

/* Begin PBXGroup section */
		2C43027C280BBE8800EB8866 /* CameraUtil */ = {
			isa = PBXGroup;
			children = (
				2CCFAB6F28090CCE00F68401 /* CameraModel.swift */,
				CE5422F326E6DF27002550D4 /* PoseImageView.swift */,
				2CCFAB7C2809BA7500F68401 /* BodyRender.swift */,
				2C43027D280BBED800EB8866 /* QuestRender.swift */,
			);
			path = CameraUtil;
			sourceTree = "<group>";
		};
		2CCFAB712809338100F68401 /* Default */ = {
			isa = PBXGroup;
			children = (
				2CCFAB74280933F900F68401 /* DefaultCameraView.swift */,
				2CCFAB762809340500F68401 /* DefaultCameraViewModel.swift */,
			);
			path = Default;
			sourceTree = "<group>";
		};
		2CCFAB722809339000F68401 /* Daily */ = {
			isa = PBXGroup;
			children = (
				CE43D8B226E1BC440067CDDB /* VideoCameraView.swift */,
				2C90999827E85F1B00B3EF6D /* VideoCameraViewModel.swift */,
			);
			path = Daily;
			sourceTree = "<group>";
		};
		2CCFAB73280933A100F68401 /* Quest */ = {
			isa = PBXGroup;
			children = (
				CE23112C276836A8003D49B7 /* QuestCameraView.swift */,
				2C7BA19327EE99C80016D3B7 /* QuestCameraViewModel.swift */,
			);
			path = Quest;
			sourceTree = "<group>";
		};
		8E63B178308195C397953F4A /* Pods */ = {
			isa = PBXGroup;
			children = (
				242450BC5328E37D4F3BF182 /* Pods-ShiranAppNew.debug.xcconfig */,
				ADE854FBDD6C14135AE89B35 /* Pods-ShiranAppNew.release.xcconfig */,
				83D47980BB6380F61B6ED32E /* Pods-ShiranAppNew-ShiranAppNewUITests.debug.xcconfig */,
				19952098D76C964EA17B04F0 /* Pods-ShiranAppNew-ShiranAppNewUITests.release.xcconfig */,
				643182000FA48A12898BB36F /* Pods-ShiranAppNewTests.debug.xcconfig */,
				E6C48DFF81CD90D5D320ADA6 /* Pods-ShiranAppNewTests.release.xcconfig */,
			);
			path = Pods;
			sourceTree = "<group>";
		};
		CE5422F126E6DF27002550D4 /* CoreML */ = {
			isa = PBXGroup;
			children = (
				CE5422FD26E6DF27002550D4 /* Pose */,
				CE54230326E6DF27002550D4 /* Model */,
				CE5422F726E6DF27002550D4 /* Extensions+Types */,
			);
			path = CoreML;
			sourceTree = "<group>";
		};
		CE5422F726E6DF27002550D4 /* Extensions+Types */ = {
			isa = PBXGroup;
			children = (
				CE5422F826E6DF27002550D4 /* CGPoint+Extension.swift */,
				CE5422F926E6DF27002550D4 /* CGImage+Extension.swift */,
			);
			path = "Extensions+Types";
			sourceTree = "<group>";
		};
		CE5422FD26E6DF27002550D4 /* Pose */ = {
			isa = PBXGroup;
			children = (
				CE54230026E6DF27002550D4 /* Pose.swift */,
				CE5422FF26E6DF27002550D4 /* PoseBuilder+Single.swift */,
				CE5422FE26E6DF27002550D4 /* Joint.swift */,
				CE54230126E6DF27002550D4 /* PoseBuilder.swift */,
				CE54230226E6DF27002550D4 /* PoseBuilderConfiguration.swift */,
			);
			path = Pose;
			sourceTree = "<group>";
		};
		CE54230326E6DF27002550D4 /* Model */ = {
			isa = PBXGroup;
			children = (
				CEE6FEF727571AFB0026F6CC /* PoseNetMobileNet100S16FP16.mlmodel */,
				CE54230526E6DF27002550D4 /* PoseNet.swift */,
				CE54230626E6DF27002550D4 /* PoseNetInput.swift */,
				CE54230426E6DF27002550D4 /* PoseNetOutput.swift */,
			);
			path = Model;
			sourceTree = "<group>";
		};
		CE71D97C27C0878A00408AD7 /* constants */ = {
			isa = PBXGroup;
			children = (
				CE71D99027C091DF00408AD7 /* Keys.swift */,
				CE71D98E27C091BD00408AD7 /* Colors.swift */,
				CE71D98C27C091AC00408AD7 /* Strings.swift */,
				CED6999227065EC8006E3AEA /* DataCounter.swift */,
			);
			path = constants;
			sourceTree = "<group>";
		};
		CE71D97D27C087EE00408AD7 /* ui */ = {
			isa = PBXGroup;
			children = (
				CE71D97F27C08AF600408AD7 /* main */,
				CE71D98027C08B0000408AD7 /* settings */,
				CE71D98127C08B3200408AD7 /* parts */,
			);
			path = ui;
			sourceTree = "<group>";
		};
		CE71D97E27C0885B00408AD7 /* utils */ = {
			isa = PBXGroup;
			children = (
				CE5422F126E6DF27002550D4 /* CoreML */,
				CE43D8B326E1BC440067CDDB /* CoachMarks.swift */,
				CED69990270560AC006E3AEA /* BOSS.swift */,
				CE71D97A27C081C000408AD7 /* Incentive.swift */,
				CE43D8B626E1BC440067CDDB /* Sounds.swift */,
				CED6B890270D5EE7009BC3F6 /* EventAnalytics.swift */,
			);
			path = utils;
			sourceTree = "<group>";
		};
		CE71D97F27C08AF600408AD7 /* main */ = {
			isa = PBXGroup;
			children = (
				CE43D8C526E1BC540067CDDB /* ContentView.swift */,
				CE71D98627C08BC200408AD7 /* camera */,
				CE71D98227C08B6600408AD7 /* home */,
				CE71D98527C08BB100408AD7 /* quest */,
				CE71D98427C08B7B00408AD7 /* character */,
				CE71D98327C08B6D00408AD7 /* shop */,
			);
			path = main;
			sourceTree = "<group>";
		};
		CE71D98027C08B0000408AD7 /* settings */ = {
			isa = PBXGroup;
			children = (
				CE71D98727C08BEF00408AD7 /* setting */,
				CE71D98B27C08C6A00408AD7 /* app_detail */,
				CE71D98A27C08C2600408AD7 /* privacyprolicy */,
				CE71D98827C08BFC00408AD7 /* opinion */,
				2C487DF327DF6D7C00D807E3 /* ItemSelectView.swift */,
			);
			path = settings;
			sourceTree = "<group>";
		};
		CE71D98127C08B3200408AD7 /* parts */ = {
			isa = PBXGroup;
			children = (
				CE43D8C326E1BC540067CDDB /* PlayerView.swift */,
				CE43D8C126E1BC540067CDDB /* LoginView.swift */,
				CE82BE7B2728FE790051EA84 /* DialogPresentation.swift */,
				CE1337A827DE3B0F004AB1A8 /* toolbarItemView.swift */,
				2CEBD2582802F13100A4CA45 /* Pictogram.swift */,
			);
			path = parts;
			sourceTree = "<group>";
		};
		CE71D98227C08B6600408AD7 /* home */ = {
			isa = PBXGroup;
			children = (
				CE71D9A027C0975D00408AD7 /* HomeView.swift */,
				CE71D99E27C0974C00408AD7 /* HomeViewModel.swift */,
			);
			path = home;
			sourceTree = "<group>";
		};
		CE71D98327C08B6D00408AD7 /* shop */ = {
			isa = PBXGroup;
			children = (
				2CCFAB7E2809BC0200F68401 /* Skin.swift */,
				CE71D99A27C0971100408AD7 /* ShopView.swift */,
				CE71D99C27C0973200408AD7 /* ShopViewModel.swift */,
			);
			path = shop;
			sourceTree = "<group>";
		};
		CE71D98427C08B7B00408AD7 /* character */ = {
			isa = PBXGroup;
			children = (
				CEB5753D26FC2E96005C5E49 /* CharacterModel.swift */,
				CE71D99827C096FA00408AD7 /* CharacterView.swift */,
			);
			path = character;
			sourceTree = "<group>";
		};
		CE71D98527C08BB100408AD7 /* quest */ = {
			isa = PBXGroup;
			children = (
				CE71D99227C092BB00408AD7 /* QuestView.swift */,
				CE71D99427C096B800408AD7 /* QuestViewModel.swift */,
			);
			path = quest;
			sourceTree = "<group>";
		};
		CE71D98627C08BC200408AD7 /* camera */ = {
			isa = PBXGroup;
			children = (
				2CCFAB712809338100F68401 /* Default */,
				2CCFAB722809339000F68401 /* Daily */,
				2CCFAB73280933A100F68401 /* Quest */,
				2C43027C280BBE8800EB8866 /* CameraUtil */,
			);
			path = camera;
			sourceTree = "<group>";
		};
		CE71D98727C08BEF00408AD7 /* setting */ = {
			isa = PBXGroup;
			children = (
				CEA3081627741DDF00D7FDC7 /* SettingView.swift */,
			);
			path = setting;
			sourceTree = "<group>";
		};
		CE71D98827C08BFC00408AD7 /* opinion */ = {
			isa = PBXGroup;
			children = (
				CE7D5001279BB2680055C587 /* UserOpinionView.swift */,
			);
			path = opinion;
			sourceTree = "<group>";
		};
		CE71D98A27C08C2600408AD7 /* privacyprolicy */ = {
			isa = PBXGroup;
			children = (
				CE43D8C626E1BC540067CDDB /* PrivacyPolicyView.swift */,
			);
			path = privacyprolicy;
			sourceTree = "<group>";
		};
		CE71D98B27C08C6A00408AD7 /* app_detail */ = {
			isa = PBXGroup;
			children = (
				CE04E57C26E9D0CE00872352 /* ExplainAppView.swift */,
			);
			path = app_detail;
			sourceTree = "<group>";
		};
		CE96197526E1AE7F0084F1A7 = {
			isa = PBXGroup;
			children = (
				CE96198026E1AE7F0084F1A7 /* ShiranAppNew */,
				CE96197F26E1AE7F0084F1A7 /* Products */,
				8E63B178308195C397953F4A /* Pods */,
				F51A56C6C73E76EF64A72CD9 /* Frameworks */,
			);
			sourceTree = "<group>";
		};
		CE96197F26E1AE7F0084F1A7 /* Products */ = {
			isa = PBXGroup;
			children = (
				CE96197E26E1AE7F0084F1A7 /* ShiranAppNew.app */,
			);
			name = Products;
			sourceTree = "<group>";
		};
		CE96198026E1AE7F0084F1A7 /* ShiranAppNew */ = {
			isa = PBXGroup;
			children = (
				CE96198126E1AE7F0084F1A7 /* ShiranAppNewApp.swift */,
				CE71D97C27C0878A00408AD7 /* constants */,
				CE71D97D27C087EE00408AD7 /* ui */,
				CE71D97E27C0885B00408AD7 /* utils */,
				CECB80AA2762E09C0001565D /* resource */,
				CE6F978F26F0E476007CF587 /* ShiranAppNew.entitlements */,
				CE96198A26E1AE820084F1A7 /* Info.plist */,
				CE96198526E1AE820084F1A7 /* Assets.xcassets */,
				CE9619AC26E1B76B0084F1A7 /* GoogleService-Info.plist */,
				CE96198726E1AE820084F1A7 /* Preview Content */,
				CE7D5003279BB69D0055C587 /* Bridging_Header.h */,
			);
			path = ShiranAppNew;
			sourceTree = "<group>";
		};
		CE96198726E1AE820084F1A7 /* Preview Content */ = {
			isa = PBXGroup;
			children = (
				CE96198826E1AE820084F1A7 /* Preview Assets.xcassets */,
			);
			path = "Preview Content";
			sourceTree = "<group>";
		};
		CECB80AA2762E09C0001565D /* resource */ = {
			isa = PBXGroup;
			children = (
				CECBA1A827925DC800079CCA /* introduce.mov */,
				CECBA1A927925DCB00079CCA /* q_hiit.mov */,
				CE6C8DCF27119399007286A4 /* fightEnemy.MP4 */,
				CEBE67E72761A06F00DA11B2 /* q_climb.mp4 */,
				CEBE67E82761A07900DA11B2 /* q_coin.mp4 */,
				CE59CC93277B1244007E96C3 /* attack.mp3 */,
				CE25ACE72751CABB00ABDF18 /* score_up.mp3 */,
				CE6C8DD1271196C8007286A4 /* countdown.mp3 */,
				CE04B411270C04AF00F21059 /* cheers.mp3 */,
			);
			path = resource;
			sourceTree = "<group>";
		};
		F51A56C6C73E76EF64A72CD9 /* Frameworks */ = {
			isa = PBXGroup;
			children = (
				7B9AA6378422A39AD27C5B34 /* Pods_ShiranAppNew.framework */,
				26A3157912BDEF62C9667874 /* Pods_ShiranAppNew_ShiranAppNewUITests.framework */,
				84965A22621B1E5CD4F97631 /* Pods_ShiranAppNewTests.framework */,
			);
			name = Frameworks;
			sourceTree = "<group>";
		};
/* End PBXGroup section */

/* Begin PBXNativeTarget section */
		CE96197D26E1AE7F0084F1A7 /* ShiranAppNew */ = {
			isa = PBXNativeTarget;
			buildConfigurationList = CE9619A326E1AE830084F1A7 /* Build configuration list for PBXNativeTarget "ShiranAppNew" */;
			buildPhases = (
				ECD335E119B460387C1F279A /* [CP] Check Pods Manifest.lock */,
				CE96197A26E1AE7F0084F1A7 /* Sources */,
				CE96197B26E1AE7F0084F1A7 /* Frameworks */,
				CE96197C26E1AE7F0084F1A7 /* Resources */,
				0C3E3EF816B94D120DB04C87 /* [CP] Embed Pods Frameworks */,
				CE1671C426EDAB18007A99C5 /* ShellScript */,
			);
			buildRules = (
			);
			dependencies = (
			);
			name = ShiranAppNew;
			productName = ShiranAppNew;
			productReference = CE96197E26E1AE7F0084F1A7 /* ShiranAppNew.app */;
			productType = "com.apple.product-type.application";
		};
/* End PBXNativeTarget section */

/* Begin PBXProject section */
		CE96197626E1AE7F0084F1A7 /* Project object */ = {
			isa = PBXProject;
			attributes = {
				LastSwiftUpdateCheck = 1250;
				LastUpgradeCheck = 1250;
				TargetAttributes = {
					CE96197D26E1AE7F0084F1A7 = {
						CreatedOnToolsVersion = 12.5.1;
					};
				};
			};
			buildConfigurationList = CE96197926E1AE7F0084F1A7 /* Build configuration list for PBXProject "ShiranAppNew" */;
			compatibilityVersion = "Xcode 9.3";
			developmentRegion = en;
			hasScannedForEncodings = 0;
			knownRegions = (
				en,
				Base,
			);
			mainGroup = CE96197526E1AE7F0084F1A7;
			productRefGroup = CE96197F26E1AE7F0084F1A7 /* Products */;
			projectDirPath = "";
			projectRoot = "";
			targets = (
				CE96197D26E1AE7F0084F1A7 /* ShiranAppNew */,
			);
		};
/* End PBXProject section */

/* Begin PBXResourcesBuildPhase section */
		CE96197C26E1AE7F0084F1A7 /* Resources */ = {
			isa = PBXResourcesBuildPhase;
			buildActionMask = 2147483647;
			files = (
				CEBE67EA2761B49400DA11B2 /* q_coin.mp4 in Resources */,
				CEBE67E92761B47800DA11B2 /* q_climb.mp4 in Resources */,
				CE6C8DD2271196C8007286A4 /* countdown.mp3 in Resources */,
				CE04B412270C04AF00F21059 /* cheers.mp3 in Resources */,
				CE25ACE82751CABB00ABDF18 /* score_up.mp3 in Resources */,
				CECBA1AA27925DCB00079CCA /* introduce.mov in Resources */,
				CE59CC94277B1244007E96C3 /* attack.mp3 in Resources */,
				CE96198926E1AE820084F1A7 /* Preview Assets.xcassets in Resources */,
				CE96198626E1AE820084F1A7 /* Assets.xcassets in Resources */,
				CE9619AD26E1B76B0084F1A7 /* GoogleService-Info.plist in Resources */,
				CECBA1AB27925DCB00079CCA /* q_hiit.mov in Resources */,
				CE6C8DD027119399007286A4 /* fightEnemy.MP4 in Resources */,
			);
			runOnlyForDeploymentPostprocessing = 0;
		};
/* End PBXResourcesBuildPhase section */

/* Begin PBXShellScriptBuildPhase section */
		0C3E3EF816B94D120DB04C87 /* [CP] Embed Pods Frameworks */ = {
			isa = PBXShellScriptBuildPhase;
			buildActionMask = 2147483647;
			files = (
			);
			inputFileListPaths = (
				"${PODS_ROOT}/Target Support Files/Pods-ShiranAppNew/Pods-ShiranAppNew-frameworks-${CONFIGURATION}-input-files.xcfilelist",
			);
			name = "[CP] Embed Pods Frameworks";
			outputFileListPaths = (
				"${PODS_ROOT}/Target Support Files/Pods-ShiranAppNew/Pods-ShiranAppNew-frameworks-${CONFIGURATION}-output-files.xcfilelist",
			);
			runOnlyForDeploymentPostprocessing = 0;
			shellPath = /bin/sh;
			shellScript = "\"${PODS_ROOT}/Target Support Files/Pods-ShiranAppNew/Pods-ShiranAppNew-frameworks.sh\"\n";
			showEnvVarsInLog = 0;
		};
		CE1671C426EDAB18007A99C5 /* ShellScript */ = {
			isa = PBXShellScriptBuildPhase;
			buildActionMask = 2147483647;
			files = (
			);
			inputFileListPaths = (
			);
			inputPaths = (
				"${DWARF_DSYM_FOLDER_PATH}/${DWARF_DSYM_FILE_NAME}/Contents/Resources/DWARF/${TARGET_NAME}",
				"$(SRCROOT)/$(BUILT_PRODUCTS_DIR)/$(INFOPLIST_PATH)",
			);
			outputFileListPaths = (
			);
			outputPaths = (
			);
			runOnlyForDeploymentPostprocessing = 0;
			shellPath = /bin/sh;
			shellScript = "# Type a script or drag a script file from your workspace to insert its path.\n\"${PODS_ROOT}/FirebaseCrashlytics/run\"\n\n";
		};
		ECD335E119B460387C1F279A /* [CP] Check Pods Manifest.lock */ = {
			isa = PBXShellScriptBuildPhase;
			buildActionMask = 2147483647;
			files = (
			);
			inputFileListPaths = (
			);
			inputPaths = (
				"${PODS_PODFILE_DIR_PATH}/Podfile.lock",
				"${PODS_ROOT}/Manifest.lock",
			);
			name = "[CP] Check Pods Manifest.lock";
			outputFileListPaths = (
			);
			outputPaths = (
				"$(DERIVED_FILE_DIR)/Pods-ShiranAppNew-checkManifestLockResult.txt",
			);
			runOnlyForDeploymentPostprocessing = 0;
			shellPath = /bin/sh;
			shellScript = "diff \"${PODS_PODFILE_DIR_PATH}/Podfile.lock\" \"${PODS_ROOT}/Manifest.lock\" > /dev/null\nif [ $? != 0 ] ; then\n    # print error to STDERR\n    echo \"error: The sandbox is not in sync with the Podfile.lock. Run 'pod install' or update your CocoaPods installation.\" >&2\n    exit 1\nfi\n# This output is used by Xcode 'outputs' to avoid re-running this script phase.\necho \"SUCCESS\" > \"${SCRIPT_OUTPUT_FILE_0}\"\n";
			showEnvVarsInLog = 0;
		};
/* End PBXShellScriptBuildPhase section */

/* Begin PBXSourcesBuildPhase section */
		CE96197A26E1AE7F0084F1A7 /* Sources */ = {
			isa = PBXSourcesBuildPhase;
			buildActionMask = 2147483647;
			files = (
				CEB5753E26FC2E96005C5E49 /* CharacterModel.swift in Sources */,
				CE54231326E6DF27002550D4 /* PoseBuilder.swift in Sources */,
				CE71D99527C096B800408AD7 /* QuestViewModel.swift in Sources */,
				2CCFAB772809340500F68401 /* DefaultCameraViewModel.swift in Sources */,
				CE71D99F27C0974C00408AD7 /* HomeViewModel.swift in Sources */,
				CE43D8CC26E1BC540067CDDB /* PrivacyPolicyView.swift in Sources */,
				2CCFAB7028090CCE00F68401 /* CameraModel.swift in Sources */,
				2CCFAB7D2809BA7500F68401 /* BodyRender.swift in Sources */,
				CE71D99B27C0971100408AD7 /* ShopView.swift in Sources */,
				CE54230C26E6DF27002550D4 /* CGPoint+Extension.swift in Sources */,
				2CCFAB7F2809BC0200F68401 /* Skin.swift in Sources */,
				CE1337A927DE3B10004AB1A8 /* toolbarItemView.swift in Sources */,
				CE71D99127C091DF00408AD7 /* Keys.swift in Sources */,
				CE96198226E1AE7F0084F1A7 /* ShiranAppNewApp.swift in Sources */,
				2CCFAB75280933F900F68401 /* DefaultCameraView.swift in Sources */,
				CE54231526E6DF27002550D4 /* PoseNetOutput.swift in Sources */,
				CED6B891270D5EE7009BC3F6 /* EventAnalytics.swift in Sources */,
				CE71D97B27C081C000408AD7 /* Incentive.swift in Sources */,
				CE71D9A127C0975D00408AD7 /* HomeView.swift in Sources */,
				CE54231026E6DF27002550D4 /* Joint.swift in Sources */,
				2C43027E280BBED800EB8866 /* QuestRender.swift in Sources */,
				CE43D8C926E1BC540067CDDB /* PlayerView.swift in Sources */,
				CE54231126E6DF27002550D4 /* PoseBuilder+Single.swift in Sources */,
				CE71D98D27C091AC00408AD7 /* Strings.swift in Sources */,
				2CEBD2592802F13100A4CA45 /* Pictogram.swift in Sources */,
				CE43D8C726E1BC540067CDDB /* LoginView.swift in Sources */,
				CED69991270560AC006E3AEA /* BOSS.swift in Sources */,
				CE54231226E6DF27002550D4 /* Pose.swift in Sources */,
				CE82BE7C2728FE790051EA84 /* DialogPresentation.swift in Sources */,
				CE23112D276836A8003D49B7 /* QuestCameraView.swift in Sources */,
				CE71D99D27C0973200408AD7 /* ShopViewModel.swift in Sources */,
				CED6999327065EC8006E3AEA /* DataCounter.swift in Sources */,
				CE43D8BD26E1BC440067CDDB /* Sounds.swift in Sources */,
				CE7D5002279BB2680055C587 /* UserOpinionView.swift in Sources */,
				CEA3081727741DDF00D7FDC7 /* SettingView.swift in Sources */,
				2C7BA19427EE99C80016D3B7 /* QuestCameraViewModel.swift in Sources */,
				CE43D8CB26E1BC540067CDDB /* ContentView.swift in Sources */,
				2C90999927E85F1B00B3EF6D /* VideoCameraViewModel.swift in Sources */,
				CE54231626E6DF27002550D4 /* PoseNet.swift in Sources */,
				CE04E57D26E9D0CE00872352 /* ExplainAppView.swift in Sources */,
				CE43D8B926E1BC440067CDDB /* VideoCameraView.swift in Sources */,
				CE71D99927C096FA00408AD7 /* CharacterView.swift in Sources */,
				CE71D98F27C091BD00408AD7 /* Colors.swift in Sources */,
				CE43D8BA26E1BC440067CDDB /* CoachMarks.swift in Sources */,
				2C487DF427DF6D7C00D807E3 /* ItemSelectView.swift in Sources */,
				CEE6FEF827571AFB0026F6CC /* PoseNetMobileNet100S16FP16.mlmodel in Sources */,
				CE71D99327C092BB00408AD7 /* QuestView.swift in Sources */,
				CE54230826E6DF27002550D4 /* PoseImageView.swift in Sources */,
				CE54231426E6DF27002550D4 /* PoseBuilderConfiguration.swift in Sources */,
				CE54231726E6DF27002550D4 /* PoseNetInput.swift in Sources */,
				CE54230D26E6DF27002550D4 /* CGImage+Extension.swift in Sources */,
			);
			runOnlyForDeploymentPostprocessing = 0;
		};
/* End PBXSourcesBuildPhase section */

/* Begin XCBuildConfiguration section */
		CE9619A126E1AE830084F1A7 /* Debug */ = {
			isa = XCBuildConfiguration;
			buildSettings = {
				ALWAYS_SEARCH_USER_PATHS = NO;
				CLANG_ANALYZER_NONNULL = YES;
				CLANG_ANALYZER_NUMBER_OBJECT_CONVERSION = YES_AGGRESSIVE;
				CLANG_CXX_LANGUAGE_STANDARD = "gnu++14";
				CLANG_CXX_LIBRARY = "libc++";
				CLANG_ENABLE_MODULES = YES;
				CLANG_ENABLE_OBJC_ARC = YES;
				CLANG_ENABLE_OBJC_WEAK = YES;
				CLANG_WARN_BLOCK_CAPTURE_AUTORELEASING = YES;
				CLANG_WARN_BOOL_CONVERSION = YES;
				CLANG_WARN_COMMA = YES;
				CLANG_WARN_CONSTANT_CONVERSION = YES;
				CLANG_WARN_DEPRECATED_OBJC_IMPLEMENTATIONS = YES;
				CLANG_WARN_DIRECT_OBJC_ISA_USAGE = YES_ERROR;
				CLANG_WARN_DOCUMENTATION_COMMENTS = YES;
				CLANG_WARN_EMPTY_BODY = YES;
				CLANG_WARN_ENUM_CONVERSION = YES;
				CLANG_WARN_INFINITE_RECURSION = YES;
				CLANG_WARN_INT_CONVERSION = YES;
				CLANG_WARN_NON_LITERAL_NULL_CONVERSION = YES;
				CLANG_WARN_OBJC_IMPLICIT_RETAIN_SELF = YES;
				CLANG_WARN_OBJC_LITERAL_CONVERSION = YES;
				CLANG_WARN_OBJC_ROOT_CLASS = YES_ERROR;
				CLANG_WARN_QUOTED_INCLUDE_IN_FRAMEWORK_HEADER = YES;
				CLANG_WARN_RANGE_LOOP_ANALYSIS = YES;
				CLANG_WARN_STRICT_PROTOTYPES = YES;
				CLANG_WARN_SUSPICIOUS_MOVE = YES;
				CLANG_WARN_UNGUARDED_AVAILABILITY = YES_AGGRESSIVE;
				CLANG_WARN_UNREACHABLE_CODE = YES;
				CLANG_WARN__DUPLICATE_METHOD_MATCH = YES;
				COPY_PHASE_STRIP = NO;
				DEBUG_INFORMATION_FORMAT = dwarf;
				ENABLE_STRICT_OBJC_MSGSEND = YES;
				ENABLE_TESTABILITY = YES;
				GCC_C_LANGUAGE_STANDARD = gnu11;
				GCC_DYNAMIC_NO_PIC = NO;
				GCC_NO_COMMON_BLOCKS = YES;
				GCC_OPTIMIZATION_LEVEL = 0;
				GCC_PREPROCESSOR_DEFINITIONS = (
					"DEBUG=1",
					"$(inherited)",
				);
				GCC_WARN_64_TO_32_BIT_CONVERSION = YES;
				GCC_WARN_ABOUT_RETURN_TYPE = YES_ERROR;
				GCC_WARN_UNDECLARED_SELECTOR = YES;
				GCC_WARN_UNINITIALIZED_AUTOS = YES_AGGRESSIVE;
				GCC_WARN_UNUSED_FUNCTION = YES;
				GCC_WARN_UNUSED_VARIABLE = YES;
				IPHONEOS_DEPLOYMENT_TARGET = 14.5;
				MTL_ENABLE_DEBUG_INFO = INCLUDE_SOURCE;
				MTL_FAST_MATH = YES;
				ONLY_ACTIVE_ARCH = YES;
				SDKROOT = iphoneos;
				SWIFT_ACTIVE_COMPILATION_CONDITIONS = DEBUG;
				SWIFT_OPTIMIZATION_LEVEL = "-Onone";
			};
			name = Debug;
		};
		CE9619A226E1AE830084F1A7 /* Release */ = {
			isa = XCBuildConfiguration;
			buildSettings = {
				ALWAYS_SEARCH_USER_PATHS = NO;
				CLANG_ANALYZER_NONNULL = YES;
				CLANG_ANALYZER_NUMBER_OBJECT_CONVERSION = YES_AGGRESSIVE;
				CLANG_CXX_LANGUAGE_STANDARD = "gnu++14";
				CLANG_CXX_LIBRARY = "libc++";
				CLANG_ENABLE_MODULES = YES;
				CLANG_ENABLE_OBJC_ARC = YES;
				CLANG_ENABLE_OBJC_WEAK = YES;
				CLANG_WARN_BLOCK_CAPTURE_AUTORELEASING = YES;
				CLANG_WARN_BOOL_CONVERSION = YES;
				CLANG_WARN_COMMA = YES;
				CLANG_WARN_CONSTANT_CONVERSION = YES;
				CLANG_WARN_DEPRECATED_OBJC_IMPLEMENTATIONS = YES;
				CLANG_WARN_DIRECT_OBJC_ISA_USAGE = YES_ERROR;
				CLANG_WARN_DOCUMENTATION_COMMENTS = YES;
				CLANG_WARN_EMPTY_BODY = YES;
				CLANG_WARN_ENUM_CONVERSION = YES;
				CLANG_WARN_INFINITE_RECURSION = YES;
				CLANG_WARN_INT_CONVERSION = YES;
				CLANG_WARN_NON_LITERAL_NULL_CONVERSION = YES;
				CLANG_WARN_OBJC_IMPLICIT_RETAIN_SELF = YES;
				CLANG_WARN_OBJC_LITERAL_CONVERSION = YES;
				CLANG_WARN_OBJC_ROOT_CLASS = YES_ERROR;
				CLANG_WARN_QUOTED_INCLUDE_IN_FRAMEWORK_HEADER = YES;
				CLANG_WARN_RANGE_LOOP_ANALYSIS = YES;
				CLANG_WARN_STRICT_PROTOTYPES = YES;
				CLANG_WARN_SUSPICIOUS_MOVE = YES;
				CLANG_WARN_UNGUARDED_AVAILABILITY = YES_AGGRESSIVE;
				CLANG_WARN_UNREACHABLE_CODE = YES;
				CLANG_WARN__DUPLICATE_METHOD_MATCH = YES;
				COPY_PHASE_STRIP = NO;
				DEBUG_INFORMATION_FORMAT = "dwarf-with-dsym";
				ENABLE_NS_ASSERTIONS = NO;
				ENABLE_STRICT_OBJC_MSGSEND = YES;
				GCC_C_LANGUAGE_STANDARD = gnu11;
				GCC_NO_COMMON_BLOCKS = YES;
				GCC_WARN_64_TO_32_BIT_CONVERSION = YES;
				GCC_WARN_ABOUT_RETURN_TYPE = YES_ERROR;
				GCC_WARN_UNDECLARED_SELECTOR = YES;
				GCC_WARN_UNINITIALIZED_AUTOS = YES_AGGRESSIVE;
				GCC_WARN_UNUSED_FUNCTION = YES;
				GCC_WARN_UNUSED_VARIABLE = YES;
				IPHONEOS_DEPLOYMENT_TARGET = 14.5;
				MTL_ENABLE_DEBUG_INFO = NO;
				MTL_FAST_MATH = YES;
				SDKROOT = iphoneos;
				SWIFT_COMPILATION_MODE = wholemodule;
				SWIFT_OPTIMIZATION_LEVEL = "-O";
				VALIDATE_PRODUCT = YES;
			};
			name = Release;
		};
		CE9619A426E1AE830084F1A7 /* Debug */ = {
			isa = XCBuildConfiguration;
			baseConfigurationReference = 242450BC5328E37D4F3BF182 /* Pods-ShiranAppNew.debug.xcconfig */;
			buildSettings = {
				ASSETCATALOG_COMPILER_APPICON_NAME = AppIcon;
				ASSETCATALOG_COMPILER_GLOBAL_ACCENT_COLOR_NAME = AccentColor;
				CODE_SIGN_ENTITLEMENTS = ShiranAppNew/ShiranAppNew.entitlements;
				CODE_SIGN_IDENTITY = "Apple Development";
				CODE_SIGN_STYLE = Automatic;
				CURRENT_PROJECT_VERSION = 15;
				DEBUG_INFORMATION_FORMAT = "dwarf-with-dsym";
				DEVELOPMENT_ASSET_PATHS = "\"ShiranAppNew/Preview Content\"";
				DEVELOPMENT_TEAM = C4FH99N43Y;
				ENABLE_PREVIEWS = YES;
				"EXCLUDED_ARCHS[sdk=iphonesimulator*]" = arm64;
				INFOPLIST_FILE = ShiranAppNew/Info.plist;
				IPHONEOS_DEPLOYMENT_TARGET = 14.0;
				LD_RUNPATH_SEARCH_PATHS = (
					"$(inherited)",
					"@executable_path/Frameworks",
				);
				MARKETING_VERSION = 1.14;
				PRODUCT_BUNDLE_IDENTIFIER = com.Takuya.Tsumura.ShiranAppNew;
				PRODUCT_NAME = "$(TARGET_NAME)";
				PROVISIONING_PROFILE_SPECIFIER = "";
				SWIFT_OBJC_BRIDGING_HEADER = "$(SRCROOT)/$(PROJECT)/Bridging_Header.h";
				SWIFT_VERSION = 5.0;
				TARGETED_DEVICE_FAMILY = "1,2";
			};
			name = Debug;
		};
		CE9619A526E1AE830084F1A7 /* Release */ = {
			isa = XCBuildConfiguration;
			baseConfigurationReference = ADE854FBDD6C14135AE89B35 /* Pods-ShiranAppNew.release.xcconfig */;
			buildSettings = {
				ASSETCATALOG_COMPILER_APPICON_NAME = AppIcon;
				ASSETCATALOG_COMPILER_GLOBAL_ACCENT_COLOR_NAME = AccentColor;
				CODE_SIGN_ENTITLEMENTS = ShiranAppNew/ShiranAppNew.entitlements;
				CODE_SIGN_IDENTITY = "Apple Development";
				CODE_SIGN_STYLE = Automatic;
				CURRENT_PROJECT_VERSION = 15;
				DEBUG_INFORMATION_FORMAT = "dwarf-with-dsym";
				DEVELOPMENT_ASSET_PATHS = "\"ShiranAppNew/Preview Content\"";
				DEVELOPMENT_TEAM = C4FH99N43Y;
				ENABLE_PREVIEWS = YES;
				"EXCLUDED_ARCHS[sdk=iphonesimulator*]" = arm64;
				INFOPLIST_FILE = ShiranAppNew/Info.plist;
				IPHONEOS_DEPLOYMENT_TARGET = 14.0;
				LD_RUNPATH_SEARCH_PATHS = (
					"$(inherited)",
					"@executable_path/Frameworks",
				);
				MARKETING_VERSION = 1.14;
				PRODUCT_BUNDLE_IDENTIFIER = com.Takuya.Tsumura.ShiranAppNew;
				PRODUCT_NAME = "$(TARGET_NAME)";
				PROVISIONING_PROFILE_SPECIFIER = "";
				SWIFT_OBJC_BRIDGING_HEADER = "$(SRCROOT)/$(PROJECT)/Bridging_Header.h";
				SWIFT_VERSION = 5.0;
				TARGETED_DEVICE_FAMILY = "1,2";
			};
			name = Release;
		};
/* End XCBuildConfiguration section */

/* Begin XCConfigurationList section */
		CE96197926E1AE7F0084F1A7 /* Build configuration list for PBXProject "ShiranAppNew" */ = {
			isa = XCConfigurationList;
			buildConfigurations = (
				CE9619A126E1AE830084F1A7 /* Debug */,
				CE9619A226E1AE830084F1A7 /* Release */,
			);
			defaultConfigurationIsVisible = 0;
			defaultConfigurationName = Release;
		};
		CE9619A326E1AE830084F1A7 /* Build configuration list for PBXNativeTarget "ShiranAppNew" */ = {
			isa = XCConfigurationList;
			buildConfigurations = (
				CE9619A426E1AE830084F1A7 /* Debug */,
				CE9619A526E1AE830084F1A7 /* Release */,
			);
			defaultConfigurationIsVisible = 0;
			defaultConfigurationName = Release;
		};
/* End XCConfigurationList section */
	};
	rootObject = CE96197626E1AE7F0084F1A7 /* Project object */;
}
